
Microsoft Visual Studio Solution File, Format Version 12.00
# Visual Studio Version 17
VisualStudioVersion = 17.4.33110.190
MinimumVisualStudioVersion = 10.0.40219.1
Project("{FAE04EC0-301F-11D3-BF4B-00C04F79EFBC}") = "TucFiler", "TucFiler\TucFiler.csproj", "{6AC22D2E-EE6C-4B0E-9129-F060F51C623C}"
EndProject
Global
	GlobalSection(SolutionConfigurationPlatforms) = preSolution
		Debug|Any CPU = Debug|Any CPU
		Release|Any CPU = Release|Any CPU
	EndGlobalSection
	GlobalSection(ProjectConfigurationPlatforms) = postSolution
		{6AC22D2E-EE6C-4B0E-9129-F060F51C623C}.Debug|Any CPU.ActiveCfg = Debug|Any CPU
		{6AC22D2E-EE6C-4B0E-9129-F060F51C623C}.Debug|Any CPU.Build.0 = Debug|Any CPU
		{6AC22D2E-EE6C-4B0E-9129-F060F51C623C}.Release|Any CPU.ActiveCfg = Release|Any CPU
		{6AC22D2E-EE6C-4B0E-9129-F060F51C623C}.Release|Any CPU.Build.0 = Release|Any CPU
	EndGlobalSection
	GlobalSection(SolutionProperties) = preSolution
		HideSolutionNode = FALSE
	EndGlobalSection
	GlobalSection(ExtensibilityGlobals) = postSolution
		SolutionGuid = {6668AF15-DEE5-419E-95D9-4127D6BC35C6}
	EndGlobalSection
EndGlobal
